
Microsoft Visual Studio Solution File, Format Version 12.00
# Visual Studio Version 17
VisualStudioVersion = 17.11.35222.181
MinimumVisualStudioVersion = 10.0.40219.1
Project("{FAE04EC0-301F-11D3-BF4B-00C04F79EFBC}") = "zad_3_tsk", "zad_3_tsk\zad_3_tsk.csproj", "{7F1EBA10-1682-4C00-861C-F88C36F81ED6}"
EndProject
Global
	GlobalSection(SolutionConfigurationPlatforms) = preSolution
		Debug|Any CPU = Debug|Any CPU
		Release|Any CPU = Release|Any CPU
	EndGlobalSection
	GlobalSection(ProjectConfigurationPlatforms) = postSolution
		{7F1EBA10-1682-4C00-861C-F88C36F81ED6}.Debug|Any CPU.ActiveCfg = Debug|Any CPU
		{7F1EBA10-1682-4C00-861C-F88C36F81ED6}.Debug|Any CPU.Build.0 = Debug|Any CPU
		{7F1EBA10-1682-4C00-861C-F88C36F81ED6}.Release|Any CPU.ActiveCfg = Release|Any CPU
		{7F1EBA10-1682-4C00-861C-F88C36F81ED6}.Release|Any CPU.Build.0 = Release|Any CPU
	EndGlobalSection
	GlobalSection(SolutionProperties) = preSolution
		HideSolutionNode = FALSE
	EndGlobalSection
	GlobalSection(ExtensibilityGlobals) = postSolution
		SolutionGuid = {DB98FE5A-2323-4177-A590-AC422B5D078C}
	EndGlobalSection
EndGlobal
