
Microsoft Visual Studio Solution File, Format Version 12.00
# Visual Studio Version 17
VisualStudioVersion = 17.11.35222.181
MinimumVisualStudioVersion = 10.0.40219.1
Project("{FAE04EC0-301F-11D3-BF4B-00C04F79EFBC}") = "zad_7_tsk", "zad_7_tsk\zad_7_tsk.csproj", "{D1F063A7-C757-4955-A2B8-04EEA3ED96A8}"
EndProject
Global
	GlobalSection(SolutionConfigurationPlatforms) = preSolution
		Debug|Any CPU = Debug|Any CPU
		Release|Any CPU = Release|Any CPU
	EndGlobalSection
	GlobalSection(ProjectConfigurationPlatforms) = postSolution
		{D1F063A7-C757-4955-A2B8-04EEA3ED96A8}.Debug|Any CPU.ActiveCfg = Debug|Any CPU
		{D1F063A7-C757-4955-A2B8-04EEA3ED96A8}.Debug|Any CPU.Build.0 = Debug|Any CPU
		{D1F063A7-C757-4955-A2B8-04EEA3ED96A8}.Release|Any CPU.ActiveCfg = Release|Any CPU
		{D1F063A7-C757-4955-A2B8-04EEA3ED96A8}.Release|Any CPU.Build.0 = Release|Any CPU
	EndGlobalSection
	GlobalSection(SolutionProperties) = preSolution
		HideSolutionNode = FALSE
	EndGlobalSection
	GlobalSection(ExtensibilityGlobals) = postSolution
		SolutionGuid = {3D9293A3-B68C-4999-A382-EEBD31FE1E36}
	EndGlobalSection
EndGlobal
