
Microsoft Visual Studio Solution File, Format Version 12.00
# Visual Studio Version 17
VisualStudioVersion = 17.11.35222.181
MinimumVisualStudioVersion = 10.0.40219.1
Project("{FAE04EC0-301F-11D3-BF4B-00C04F79EFBC}") = "zad_9_tsk", "zad_9_tsk\zad_9_tsk.csproj", "{8B1B8ED6-78A1-4030-8B5C-3B607E70C845}"
EndProject
Global
	GlobalSection(SolutionConfigurationPlatforms) = preSolution
		Debug|Any CPU = Debug|Any CPU
		Release|Any CPU = Release|Any CPU
	EndGlobalSection
	GlobalSection(ProjectConfigurationPlatforms) = postSolution
		{8B1B8ED6-78A1-4030-8B5C-3B607E70C845}.Debug|Any CPU.ActiveCfg = Debug|Any CPU
		{8B1B8ED6-78A1-4030-8B5C-3B607E70C845}.Debug|Any CPU.Build.0 = Debug|Any CPU
		{8B1B8ED6-78A1-4030-8B5C-3B607E70C845}.Release|Any CPU.ActiveCfg = Release|Any CPU
		{8B1B8ED6-78A1-4030-8B5C-3B607E70C845}.Release|Any CPU.Build.0 = Release|Any CPU
	EndGlobalSection
	GlobalSection(SolutionProperties) = preSolution
		HideSolutionNode = FALSE
	EndGlobalSection
	GlobalSection(ExtensibilityGlobals) = postSolution
		SolutionGuid = {D80594A7-EB7D-4EB1-9BAA-25A644C614CA}
	EndGlobalSection
EndGlobal
